
Microsoft Visual Studio Solution File, Format Version 12.00
# Visual Studio Version 16
VisualStudioVersion = 16.0.31727.386
MinimumVisualStudioVersion = 10.0.40219.1
Project("{FAE04EC0-301F-11D3-BF4B-00C04F79EFBC}") = "MyMinimalBank", "MyMinimalBank.csproj", "{3B1EAAE1-72C1-468B-954F-53D9A95D8951}"
EndProject
Global
	GlobalSection(SolutionConfigurationPlatforms) = preSolution
		Debug|Any CPU = Debug|Any CPU
		Release|Any CPU = Release|Any CPU
	EndGlobalSection
	GlobalSection(ProjectConfigurationPlatforms) = postSolution
		{3B1EAAE1-72C1-468B-954F-53D9A95D8951}.Debug|Any CPU.ActiveCfg = Debug|Any CPU
		{3B1EAAE1-72C1-468B-954F-53D9A95D8951}.Debug|Any CPU.Build.0 = Debug|Any CPU
		{3B1EAAE1-72C1-468B-954F-53D9A95D8951}.Release|Any CPU.ActiveCfg = Release|Any CPU
		{3B1EAAE1-72C1-468B-954F-53D9A95D8951}.Release|Any CPU.Build.0 = Release|Any CPU
	EndGlobalSection
	GlobalSection(SolutionProperties) = preSolution
		HideSolutionNode = FALSE
	EndGlobalSection
	GlobalSection(ExtensibilityGlobals) = postSolution
		SolutionGuid = {8735CF5C-F132-4E14-B53D-EB8FEEEE9EB3}
	EndGlobalSection
EndGlobal
